
Microsoft Visual Studio Solution File, Format Version 12.00
# Visual Studio Version 17
VisualStudioVersion = 17.4.33205.214
MinimumVisualStudioVersion = 10.0.40219.1
Project("{8BC9CEB8-8B4A-11D0-8D11-00A0C91BC942}") = "Nairana'sAlgorithm", "..\Nairana'sAlgorithm\Nairana'sAlgorithm.vcxproj", "{DB758761-D952-4F86-9FE9-790BEF7223C8}"
EndProject
Project("{8BC9CEB8-8B4A-11D0-8D11-00A0C91BC942}") = "Johnson–TrotterAlgorithm", "..\Johnson–TrotterAlgorithm\Johnson–TrotterAlgorithm.vcxproj", "{9814D458-13D3-4066-8935-522BD83D2A97}"
EndProject
Project("{8BC9CEB8-8B4A-11D0-8D11-00A0C91BC942}") = "RandomPrermutationsAlgorithm", "RandomPrermutationsAlgorithm\RandomPrermutationsAlgorithm.vcxproj", "{909570D4-575D-4423-9085-DC8FF15566FA}"
EndProject
Global
	GlobalSection(SolutionConfigurationPlatforms) = preSolution
		Debug|x64 = Debug|x64
		Debug|x86 = Debug|x86
		Release|x64 = Release|x64
		Release|x86 = Release|x86
	EndGlobalSection
	GlobalSection(ProjectConfigurationPlatforms) = postSolution
		{DB758761-D952-4F86-9FE9-790BEF7223C8}.Debug|x64.ActiveCfg = Debug|x64
		{DB758761-D952-4F86-9FE9-790BEF7223C8}.Debug|x64.Build.0 = Debug|x64
		{DB758761-D952-4F86-9FE9-790BEF7223C8}.Debug|x86.ActiveCfg = Debug|Win32
		{DB758761-D952-4F86-9FE9-790BEF7223C8}.Debug|x86.Build.0 = Debug|Win32
		{DB758761-D952-4F86-9FE9-790BEF7223C8}.Release|x64.ActiveCfg = Release|x64
		{DB758761-D952-4F86-9FE9-790BEF7223C8}.Release|x64.Build.0 = Release|x64
		{DB758761-D952-4F86-9FE9-790BEF7223C8}.Release|x86.ActiveCfg = Release|Win32
		{DB758761-D952-4F86-9FE9-790BEF7223C8}.Release|x86.Build.0 = Release|Win32
		{9814D458-13D3-4066-8935-522BD83D2A97}.Debug|x64.ActiveCfg = Debug|x64
		{9814D458-13D3-4066-8935-522BD83D2A97}.Debug|x64.Build.0 = Debug|x64
		{9814D458-13D3-4066-8935-522BD83D2A97}.Debug|x86.ActiveCfg = Debug|Win32
		{9814D458-13D3-4066-8935-522BD83D2A97}.Debug|x86.Build.0 = Debug|Win32
		{9814D458-13D3-4066-8935-522BD83D2A97}.Release|x64.ActiveCfg = Release|x64
		{9814D458-13D3-4066-8935-522BD83D2A97}.Release|x64.Build.0 = Release|x64
		{9814D458-13D3-4066-8935-522BD83D2A97}.Release|x86.ActiveCfg = Release|Win32
		{9814D458-13D3-4066-8935-522BD83D2A97}.Release|x86.Build.0 = Release|Win32
		{909570D4-575D-4423-9085-DC8FF15566FA}.Debug|x64.ActiveCfg = Debug|x64
		{909570D4-575D-4423-9085-DC8FF15566FA}.Debug|x64.Build.0 = Debug|x64
		{909570D4-575D-4423-9085-DC8FF15566FA}.Debug|x86.ActiveCfg = Debug|Win32
		{909570D4-575D-4423-9085-DC8FF15566FA}.Debug|x86.Build.0 = Debug|Win32
		{909570D4-575D-4423-9085-DC8FF15566FA}.Release|x64.ActiveCfg = Release|x64
		{909570D4-575D-4423-9085-DC8FF15566FA}.Release|x64.Build.0 = Release|x64
		{909570D4-575D-4423-9085-DC8FF15566FA}.Release|x86.ActiveCfg = Release|Win32
		{909570D4-575D-4423-9085-DC8FF15566FA}.Release|x86.Build.0 = Release|Win32
	EndGlobalSection
	GlobalSection(SolutionProperties) = preSolution
		HideSolutionNode = FALSE
	EndGlobalSection
	GlobalSection(ExtensibilityGlobals) = postSolution
		SolutionGuid = {6BC14FAA-5ABD-4790-9E56-BCED51822D57}
	EndGlobalSection
EndGlobal
